// !$*UTF8*$!
{
	archiveVersion = 1;
	classes = {
	};
	objectVersion = 50;
	objects = {

/* Begin PBXBuildFile section */
		60F24011261D7430004F5796 /* AppDelegate.swift in Sources */ = {isa = PBXBuildFile; fileRef = 60F24010261D7430004F5796 /* AppDelegate.swift */; };
		60F24013261D7430004F5796 /* SceneDelegate.swift in Sources */ = {isa = PBXBuildFile; fileRef = 60F24012261D7430004F5796 /* SceneDelegate.swift */; };
		60F24015261D7430004F5796 /* ViewController.swift in Sources */ = {isa = PBXBuildFile; fileRef = 60F24014261D7430004F5796 /* ViewController.swift */; };
		60F24018261D7430004F5796 /* Main.storyboard in Resources */ = {isa = PBXBuildFile; fileRef = 60F24016261D7430004F5796 /* Main.storyboard */; };
		60F2401A261D7433004F5796 /* Assets.xcassets in Resources */ = {isa = PBXBuildFile; fileRef = 60F24019261D7433004F5796 /* Assets.xcassets */; };
		60F2401D261D7433004F5796 /* LaunchScreen.storyboard in Resources */ = {isa = PBXBuildFile; fileRef = 60F2401B261D7433004F5796 /* LaunchScreen.storyboard */; };
		60F24028261D7433004F5796 /* FastlaneAutoTests.swift in Sources */ = {isa = PBXBuildFile; fileRef = 60F24027261D7433004F5796 /* FastlaneAutoTests.swift */; };
		60F24033261D7433004F5796 /* FastlaneAutoUITests.swift in Sources */ = {isa = PBXBuildFile; fileRef = 60F24032261D7433004F5796 /* FastlaneAutoUITests.swift */; };
/* End PBXBuildFile section */

/* Begin PBXContainerItemProxy section */
		60F24024261D7433004F5796 /* PBXContainerItemProxy */ = {
			isa = PBXContainerItemProxy;
			containerPortal = 60F24005261D742F004F5796 /* Project object */;
			proxyType = 1;
			remoteGlobalIDString = 60F2400C261D7430004F5796;
			remoteInfo = FastlaneAuto;
		};
		60F2402F261D7433004F5796 /* PBXContainerItemProxy */ = {
			isa = PBXContainerItemProxy;
			containerPortal = 60F24005261D742F004F5796 /* Project object */;
			proxyType = 1;
			remoteGlobalIDString = 60F2400C261D7430004F5796;
			remoteInfo = FastlaneAuto;
		};
/* End PBXContainerItemProxy section */

/* Begin PBXFileReference section */
		60F2400D261D7430004F5796 /* FastlaneAuto.app */ = {isa = PBXFileReference; explicitFileType = wrapper.application; includeInIndex = 0; path = FastlaneAuto.app; sourceTree = BUILT_PRODUCTS_DIR; };
		60F24010261D7430004F5796 /* AppDelegate.swift */ = {isa = PBXFileReference; lastKnownFileType = sourcecode.swift; path = AppDelegate.swift; sourceTree = "<group>"; };
		60F24012261D7430004F5796 /* SceneDelegate.swift */ = {isa = PBXFileReference; lastKnownFileType = sourcecode.swift; path = SceneDelegate.swift; sourceTree = "<group>"; };
		60F24014261D7430004F5796 /* ViewController.swift */ = {isa = PBXFileReference; lastKnownFileType = sourcecode.swift; path = ViewController.swift; sourceTree = "<group>"; };
		60F24017261D7430004F5796 /* Base */ = {isa = PBXFileReference; lastKnownFileType = file.storyboard; name = Base; path = Base.lproj/Main.storyboard; sourceTree = "<group>"; };
		60F24019261D7433004F5796 /* Assets.xcassets */ = {isa = PBXFileReference; lastKnownFileType = folder.assetcatalog; path = Assets.xcassets; sourceTree = "<group>"; };
		60F2401C261D7433004F5796 /* Base */ = {isa = PBXFileReference; lastKnownFileType = file.storyboard; name = Base; path = Base.lproj/LaunchScreen.storyboard; sourceTree = "<group>"; };
		60F2401E261D7433004F5796 /* Info.plist */ = {isa = PBXFileReference; lastKnownFileType = text.plist.xml; path = Info.plist; sourceTree = "<group>"; };
		60F24023261D7433004F5796 /* FastlaneAutoTests.xctest */ = {isa = PBXFileReference; explicitFileType = wrapper.cfbundle; includeInIndex = 0; path = FastlaneAutoTests.xctest; sourceTree = BUILT_PRODUCTS_DIR; };
		60F24027261D7433004F5796 /* FastlaneAutoTests.swift */ = {isa = PBXFileReference; lastKnownFileType = sourcecode.swift; path = FastlaneAutoTests.swift; sourceTree = "<group>"; };
		60F24029261D7433004F5796 /* Info.plist */ = {isa = PBXFileReference; lastKnownFileType = text.plist.xml; path = Info.plist; sourceTree = "<group>"; };
		60F2402E261D7433004F5796 /* FastlaneAutoUITests.xctest */ = {isa = PBXFileReference; explicitFileType = wrapper.cfbundle; includeInIndex = 0; path = FastlaneAutoUITests.xctest; sourceTree = BUILT_PRODUCTS_DIR; };
		60F24032261D7433004F5796 /* FastlaneAutoUITests.swift */ = {isa = PBXFileReference; lastKnownFileType = sourcecode.swift; path = FastlaneAutoUITests.swift; sourceTree = "<group>"; };
		60F24034261D7433004F5796 /* Info.plist */ = {isa = PBXFileReference; lastKnownFileType = text.plist.xml; path = Info.plist; sourceTree = "<group>"; };
/* End PBXFileReference section */

/* Begin PBXFrameworksBuildPhase section */
		60F2400A261D7430004F5796 /* Frameworks */ = {
			isa = PBXFrameworksBuildPhase;
			buildActionMask = 2147483647;
			files = (
			);
			runOnlyForDeploymentPostprocessing = 0;
		};
		60F24020261D7433004F5796 /* Frameworks */ = {
			isa = PBXFrameworksBuildPhase;
			buildActionMask = 2147483647;
			files = (
			);
			runOnlyForDeploymentPostprocessing = 0;
		};
		60F2402B261D7433004F5796 /* Frameworks */ = {
			isa = PBXFrameworksBuildPhase;
			buildActionMask = 2147483647;
			files = (
			);
			runOnlyForDeploymentPostprocessing = 0;
		};
/* End PBXFrameworksBuildPhase section */

/* Begin PBXGroup section */
		60F24004261D742F004F5796 = {
			isa = PBXGroup;
			children = (
				60F2400F261D7430004F5796 /* FastlaneAuto */,
				60F24026261D7433004F5796 /* FastlaneAutoTests */,
				60F24031261D7433004F5796 /* FastlaneAutoUITests */,
				60F2400E261D7430004F5796 /* Products */,
			);
			sourceTree = "<group>";
		};
		60F2400E261D7430004F5796 /* Products */ = {
			isa = PBXGroup;
			children = (
				60F2400D261D7430004F5796 /* FastlaneAuto.app */,
				60F24023261D7433004F5796 /* FastlaneAutoTests.xctest */,
				60F2402E261D7433004F5796 /* FastlaneAutoUITests.xctest */,
			);
			name = Products;
			sourceTree = "<group>";
		};
		60F2400F261D7430004F5796 /* FastlaneAuto */ = {
			isa = PBXGroup;
			children = (
				60F24010261D7430004F5796 /* AppDelegate.swift */,
				60F24012261D7430004F5796 /* SceneDelegate.swift */,
				60F24014261D7430004F5796 /* ViewController.swift */,
				60F24016261D7430004F5796 /* Main.storyboard */,
				60F24019261D7433004F5796 /* Assets.xcassets */,
				60F2401B261D7433004F5796 /* LaunchScreen.storyboard */,
				60F2401E261D7433004F5796 /* Info.plist */,
			);
			path = FastlaneAuto;
			sourceTree = "<group>";
		};
		60F24026261D7433004F5796 /* FastlaneAutoTests */ = {
			isa = PBXGroup;
			children = (
				60F24027261D7433004F5796 /* FastlaneAutoTests.swift */,
				60F24029261D7433004F5796 /* Info.plist */,
			);
			path = FastlaneAutoTests;
			sourceTree = "<group>";
		};
		60F24031261D7433004F5796 /* FastlaneAutoUITests */ = {
			isa = PBXGroup;
			children = (
				60F24032261D7433004F5796 /* FastlaneAutoUITests.swift */,
				60F24034261D7433004F5796 /* Info.plist */,
			);
			path = FastlaneAutoUITests;
			sourceTree = "<group>";
		};
/* End PBXGroup section */

/* Begin PBXNativeTarget section */
		60F2400C261D7430004F5796 /* FastlaneAuto */ = {
			isa = PBXNativeTarget;
			buildConfigurationList = 60F24037261D7433004F5796 /* Build configuration list for PBXNativeTarget "FastlaneAuto" */;
			buildPhases = (
				60F24009261D7430004F5796 /* Sources */,
				60F2400A261D7430004F5796 /* Frameworks */,
				60F2400B261D7430004F5796 /* Resources */,
			);
			buildRules = (
			);
			dependencies = (
			);
			name = FastlaneAuto;
			productName = FastlaneAuto;
			productReference = 60F2400D261D7430004F5796 /* FastlaneAuto.app */;
			productType = "com.apple.product-type.application";
		};
		60F24022261D7433004F5796 /* FastlaneAutoTests */ = {
			isa = PBXNativeTarget;
			buildConfigurationList = 60F2403A261D7433004F5796 /* Build configuration list for PBXNativeTarget "FastlaneAutoTests" */;
			buildPhases = (
				60F2401F261D7433004F5796 /* Sources */,
				60F24020261D7433004F5796 /* Frameworks */,
				60F24021261D7433004F5796 /* Resources */,
			);
			buildRules = (
			);
			dependencies = (
				60F24025261D7433004F5796 /* PBXTargetDependency */,
			);
			name = FastlaneAutoTests;
			productName = FastlaneAutoTests;
			productReference = 60F24023261D7433004F5796 /* FastlaneAutoTests.xctest */;
			productType = "com.apple.product-type.bundle.unit-test";
		};
		60F2402D261D7433004F5796 /* FastlaneAutoUITests */ = {
			isa = PBXNativeTarget;
			buildConfigurationList = 60F2403D261D7433004F5796 /* Build configuration list for PBXNativeTarget "FastlaneAutoUITests" */;
			buildPhases = (
				60F2402A261D7433004F5796 /* Sources */,
				60F2402B261D7433004F5796 /* Frameworks */,
				60F2402C261D7433004F5796 /* Resources */,
			);
			buildRules = (
			);
			dependencies = (
				60F24030261D7433004F5796 /* PBXTargetDependency */,
			);
			name = FastlaneAutoUITests;
			productName = FastlaneAutoUITests;
			productReference = 60F2402E261D7433004F5796 /* FastlaneAutoUITests.xctest */;
			productType = "com.apple.product-type.bundle.ui-testing";
		};
/* End PBXNativeTarget section */

/* Begin PBXProject section */
		60F24005261D742F004F5796 /* Project object */ = {
			isa = PBXProject;
			attributes = {
				LastSwiftUpdateCheck = 1230;
				LastUpgradeCheck = 1230;
				TargetAttributes = {
					60F2400C261D7430004F5796 = {
						CreatedOnToolsVersion = 12.3;
					};
					60F24022261D7433004F5796 = {
						CreatedOnToolsVersion = 12.3;
						TestTargetID = 60F2400C261D7430004F5796;
					};
					60F2402D261D7433004F5796 = {
						CreatedOnToolsVersion = 12.3;
						TestTargetID = 60F2400C261D7430004F5796;
					};
				};
			};
			buildConfigurationList = 60F24008261D7430004F5796 /* Build configuration list for PBXProject "FastlaneAuto" */;
			compatibilityVersion = "Xcode 9.3";
			developmentRegion = en;
			hasScannedForEncodings = 0;
			knownRegions = (
				en,
				Base,
			);
			mainGroup = 60F24004261D742F004F5796;
			productRefGroup = 60F2400E261D7430004F5796 /* Products */;
			projectDirPath = "";
			projectRoot = "";
			targets = (
				60F2400C261D7430004F5796 /* FastlaneAuto */,
				60F24022261D7433004F5796 /* FastlaneAutoTests */,
				60F2402D261D7433004F5796 /* FastlaneAutoUITests */,
			);
		};
/* End PBXProject section */

/* Begin PBXResourcesBuildPhase section */
		60F2400B261D7430004F5796 /* Resources */ = {
			isa = PBXResourcesBuildPhase;
			buildActionMask = 2147483647;
			files = (
				60F2401D261D7433004F5796 /* LaunchScreen.storyboard in Resources */,
				60F2401A261D7433004F5796 /* Assets.xcassets in Resources */,
				60F24018261D7430004F5796 /* Main.storyboard in Resources */,
			);
			runOnlyForDeploymentPostprocessing = 0;
		};
		60F24021261D7433004F5796 /* Resources */ = {
			isa = PBXResourcesBuildPhase;
			buildActionMask = 2147483647;
			files = (
			);
			runOnlyForDeploymentPostprocessing = 0;
		};
		60F2402C261D7433004F5796 /* Resources */ = {
			isa = PBXResourcesBuildPhase;
			buildActionMask = 2147483647;
			files = (
			);
			runOnlyForDeploymentPostprocessing = 0;
		};
/* End PBXResourcesBuildPhase section */

/* Begin PBXSourcesBuildPhase section */
		60F24009261D7430004F5796 /* Sources */ = {
			isa = PBXSourcesBuildPhase;
			buildActionMask = 2147483647;
			files = (
				60F24015261D7430004F5796 /* ViewController.swift in Sources */,
				60F24011261D7430004F5796 /* AppDelegate.swift in Sources */,
				60F24013261D7430004F5796 /* SceneDelegate.swift in Sources */,
			);
			runOnlyForDeploymentPostprocessing = 0;
		};
		60F2401F261D7433004F5796 /* Sources */ = {
			isa = PBXSourcesBuildPhase;
			buildActionMask = 2147483647;
			files = (
				60F24028261D7433004F5796 /* FastlaneAutoTests.swift in Sources */,
			);
			runOnlyForDeploymentPostprocessing = 0;
		};
		60F2402A261D7433004F5796 /* Sources */ = {
			isa = PBXSourcesBuildPhase;
			buildActionMask = 2147483647;
			files = (
				60F24033261D7433004F5796 /* FastlaneAutoUITests.swift in Sources */,
			);
			runOnlyForDeploymentPostprocessing = 0;
		};
/* End PBXSourcesBuildPhase section */

/* Begin PBXTargetDependency section */
		60F24025261D7433004F5796 /* PBXTargetDependency */ = {
			isa = PBXTargetDependency;
			target = 60F2400C261D7430004F5796 /* FastlaneAuto */;
			targetProxy = 60F24024261D7433004F5796 /* PBXContainerItemProxy */;
		};
		60F24030261D7433004F5796 /* PBXTargetDependency */ = {
			isa = PBXTargetDependency;
			target = 60F2400C261D7430004F5796 /* FastlaneAuto */;
			targetProxy = 60F2402F261D7433004F5796 /* PBXContainerItemProxy */;
		};
/* End PBXTargetDependency section */

/* Begin PBXVariantGroup section */
		60F24016261D7430004F5796 /* Main.storyboard */ = {
			isa = PBXVariantGroup;
			children = (
				60F24017261D7430004F5796 /* Base */,
			);
			name = Main.storyboard;
			sourceTree = "<group>";
		};
		60F2401B261D7433004F5796 /* LaunchScreen.storyboard */ = {
			isa = PBXVariantGroup;
			children = (
				60F2401C261D7433004F5796 /* Base */,
			);
			name = LaunchScreen.storyboard;
			sourceTree = "<group>";
		};
/* End PBXVariantGroup section */

/* Begin XCBuildConfiguration section */
		60F24035261D7433004F5796 /* Debug */ = {
			isa = XCBuildConfiguration;
			buildSettings = {
				ALWAYS_SEARCH_USER_PATHS = NO;
				CLANG_ANALYZER_NONNULL = YES;
				CLANG_ANALYZER_NUMBER_OBJECT_CONVERSION = YES_AGGRESSIVE;
				CLANG_CXX_LANGUAGE_STANDARD = "gnu++14";
				CLANG_CXX_LIBRARY = "libc++";
				CLANG_ENABLE_MODULES = YES;
				CLANG_ENABLE_OBJC_ARC = YES;
				CLANG_ENABLE_OBJC_WEAK = YES;
				CLANG_WARN_BLOCK_CAPTURE_AUTORELEASING = YES;
				CLANG_WARN_BOOL_CONVERSION = YES;
				CLANG_WARN_COMMA = YES;
				CLANG_WARN_CONSTANT_CONVERSION = YES;
				CLANG_WARN_DEPRECATED_OBJC_IMPLEMENTATIONS = YES;
				CLANG_WARN_DIRECT_OBJC_ISA_USAGE = YES_ERROR;
				CLANG_WARN_DOCUMENTATION_COMMENTS = YES;
				CLANG_WARN_EMPTY_BODY = YES;
				CLANG_WARN_ENUM_CONVERSION = YES;
				CLANG_WARN_INFINITE_RECURSION = YES;
				CLANG_WARN_INT_CONVERSION = YES;
				CLANG_WARN_NON_LITERAL_NULL_CONVERSION = YES;
				CLANG_WARN_OBJC_IMPLICIT_RETAIN_SELF = YES;
				CLANG_WARN_OBJC_LITERAL_CONVERSION = YES;
				CLANG_WARN_OBJC_ROOT_CLASS = YES_ERROR;
				CLANG_WARN_QUOTED_INCLUDE_IN_FRAMEWORK_HEADER = YES;
				CLANG_WARN_RANGE_LOOP_ANALYSIS = YES;
				CLANG_WARN_STRICT_PROTOTYPES = YES;
				CLANG_WARN_SUSPICIOUS_MOVE = YES;
				CLANG_WARN_UNGUARDED_AVAILABILITY = YES_AGGRESSIVE;
				CLANG_WARN_UNREACHABLE_CODE = YES;
				CLANG_WARN__DUPLICATE_METHOD_MATCH = YES;
				COPY_PHASE_STRIP = NO;
				DEBUG_INFORMATION_FORMAT = dwarf;
				ENABLE_STRICT_OBJC_MSGSEND = YES;
				ENABLE_TESTABILITY = YES;
				GCC_C_LANGUAGE_STANDARD = gnu11;
				GCC_DYNAMIC_NO_PIC = NO;
				GCC_NO_COMMON_BLOCKS = YES;
				GCC_OPTIMIZATION_LEVEL = 0;
				GCC_PREPROCESSOR_DEFINITIONS = (
					"DEBUG=1",
					"$(inherited)",
				);
				GCC_WARN_64_TO_32_BIT_CONVERSION = YES;
				GCC_WARN_ABOUT_RETURN_TYPE = YES_ERROR;
				GCC_WARN_UNDECLARED_SELECTOR = YES;
				GCC_WARN_UNINITIALIZED_AUTOS = YES_AGGRESSIVE;
				GCC_WARN_UNUSED_FUNCTION = YES;
				GCC_WARN_UNUSED_VARIABLE = YES;
				IPHONEOS_DEPLOYMENT_TARGET = 14.3;
				MTL_ENABLE_DEBUG_INFO = INCLUDE_SOURCE;
				MTL_FAST_MATH = YES;
				ONLY_ACTIVE_ARCH = YES;
				SDKROOT = iphoneos;
				SWIFT_ACTIVE_COMPILATION_CONDITIONS = DEBUG;
				SWIFT_OPTIMIZATION_LEVEL = "-Onone";
			};
			name = Debug;
		};
		60F24036261D7433004F5796 /* Release */ = {
			isa = XCBuildConfiguration;
			buildSettings = {
				ALWAYS_SEARCH_USER_PATHS = NO;
				CLANG_ANALYZER_NONNULL = YES;
				CLANG_ANALYZER_NUMBER_OBJECT_CONVERSION = YES_AGGRESSIVE;
				CLANG_CXX_LANGUAGE_STANDARD = "gnu++14";
				CLANG_CXX_LIBRARY = "libc++";
				CLANG_ENABLE_MODULES = YES;
				CLANG_ENABLE_OBJC_ARC = YES;
				CLANG_ENABLE_OBJC_WEAK = YES;
				CLANG_WARN_BLOCK_CAPTURE_AUTORELEASING = YES;
				CLANG_WARN_BOOL_CONVERSION = YES;
				CLANG_WARN_COMMA = YES;
				CLANG_WARN_CONSTANT_CONVERSION = YES;
				CLANG_WARN_DEPRECATED_OBJC_IMPLEMENTATIONS = YES;
				CLANG_WARN_DIRECT_OBJC_ISA_USAGE = YES_ERROR;
				CLANG_WARN_DOCUMENTATION_COMMENTS = YES;
				CLANG_WARN_EMPTY_BODY = YES;
				CLANG_WARN_ENUM_CONVERSION = YES;
				CLANG_WARN_INFINITE_RECURSION = YES;
				CLANG_WARN_INT_CONVERSION = YES;
				CLANG_WARN_NON_LITERAL_NULL_CONVERSION = YES;
				CLANG_WARN_OBJC_IMPLICIT_RETAIN_SELF = YES;
				CLANG_WARN_OBJC_LITERAL_CONVERSION = YES;
				CLANG_WARN_OBJC_ROOT_CLASS = YES_ERROR;
				CLANG_WARN_QUOTED_INCLUDE_IN_FRAMEWORK_HEADER = YES;
				CLANG_WARN_RANGE_LOOP_ANALYSIS = YES;
				CLANG_WARN_STRICT_PROTOTYPES = YES;
				CLANG_WARN_SUSPICIOUS_MOVE = YES;
				CLANG_WARN_UNGUARDED_AVAILABILITY = YES_AGGRESSIVE;
				CLANG_WARN_UNREACHABLE_CODE = YES;
				CLANG_WARN__DUPLICATE_METHOD_MATCH = YES;
				COPY_PHASE_STRIP = NO;
				DEBUG_INFORMATION_FORMAT = "dwarf-with-dsym";
				ENABLE_NS_ASSERTIONS = NO;
				ENABLE_STRICT_OBJC_MSGSEND = YES;
				GCC_C_LANGUAGE_STANDARD = gnu11;
				GCC_NO_COMMON_BLOCKS = YES;
				GCC_WARN_64_TO_32_BIT_CONVERSION = YES;
				GCC_WARN_ABOUT_RETURN_TYPE = YES_ERROR;
				GCC_WARN_UNDECLARED_SELECTOR = YES;
				GCC_WARN_UNINITIALIZED_AUTOS = YES_AGGRESSIVE;
				GCC_WARN_UNUSED_FUNCTION = YES;
				GCC_WARN_UNUSED_VARIABLE = YES;
				IPHONEOS_DEPLOYMENT_TARGET = 14.3;
				MTL_ENABLE_DEBUG_INFO = NO;
				MTL_FAST_MATH = YES;
				SDKROOT = iphoneos;
				SWIFT_COMPILATION_MODE = wholemodule;
				SWIFT_OPTIMIZATION_LEVEL = "-O";
				VALIDATE_PRODUCT = YES;
			};
			name = Release;
		};
		60F24038261D7433004F5796 /* Debug */ = {
			isa = XCBuildConfiguration;
			buildSettings = {
				ASSETCATALOG_COMPILER_APPICON_NAME = AppIcon;
				ASSETCATALOG_COMPILER_GLOBAL_ACCENT_COLOR_NAME = AccentColor;
				CODE_SIGN_STYLE = Automatic;
				DEVELOPMENT_TEAM = 2C86JD592M;
				INFOPLIST_FILE = FastlaneAuto/Info.plist;
				LD_RUNPATH_SEARCH_PATHS = (
					"$(inherited)",
					"@executable_path/Frameworks",
				);
				PRODUCT_BUNDLE_IDENTIFIER = com.example.FastlaneAuto;
				PRODUCT_NAME = "$(TARGET_NAME)";
				SWIFT_VERSION = 5.0;
				TARGETED_DEVICE_FAMILY = "1,2";
			};
			name = Debug;
		};
		60F24039261D7433004F5796 /* Release */ = {
			isa = XCBuildConfiguration;
			buildSettings = {
				ASSETCATALOG_COMPILER_APPICON_NAME = AppIcon;
				ASSETCATALOG_COMPILER_GLOBAL_ACCENT_COLOR_NAME = AccentColor;
				CODE_SIGN_STYLE = Automatic;
				DEVELOPMENT_TEAM = 2C86JD592M;
				INFOPLIST_FILE = FastlaneAuto/Info.plist;
				LD_RUNPATH_SEARCH_PATHS = (
					"$(inherited)",
					"@executable_path/Frameworks",
				);
				PRODUCT_BUNDLE_IDENTIFIER = com.example.FastlaneAuto;
				PRODUCT_NAME = "$(TARGET_NAME)";
				SWIFT_VERSION = 5.0;
				TARGETED_DEVICE_FAMILY = "1,2";
			};
			name = Release;
		};
		60F2403B261D7433004F5796 /* Debug */ = {
			isa = XCBuildConfiguration;
			buildSettings = {
				ALWAYS_EMBED_SWIFT_STANDARD_LIBRARIES = YES;
				BUNDLE_LOADER = "$(TEST_HOST)";
				CODE_SIGN_STYLE = Automatic;
				DEVELOPMENT_TEAM = 2C86JD592M;
				INFOPLIST_FILE = FastlaneAutoTests/Info.plist;
				IPHONEOS_DEPLOYMENT_TARGET = 14.3;
				LD_RUNPATH_SEARCH_PATHS = (
					"$(inherited)",
					"@executable_path/Frameworks",
					"@loader_path/Frameworks",
				);
				PRODUCT_BUNDLE_IDENTIFIER = com.example.FastlaneAutoTests;
				PRODUCT_NAME = "$(TARGET_NAME)";
				SWIFT_VERSION = 5.0;
				TARGETED_DEVICE_FAMILY = "1,2";
				TEST_HOST = "$(BUILT_PRODUCTS_DIR)/FastlaneAuto.app/FastlaneAuto";
			};
			name = Debug;
		};
		60F2403C261D7433004F5796 /* Release */ = {
			isa = XCBuildConfiguration;
			buildSettings = {
				ALWAYS_EMBED_SWIFT_STANDARD_LIBRARIES = YES;
				BUNDLE_LOADER = "$(TEST_HOST)";
				CODE_SIGN_STYLE = Automatic;
				DEVELOPMENT_TEAM = 2C86JD592M;
				INFOPLIST_FILE = FastlaneAutoTests/Info.plist;
				IPHONEOS_DEPLOYMENT_TARGET = 14.3;
				LD_RUNPATH_SEARCH_PATHS = (
					"$(inherited)",
					"@executable_path/Frameworks",
					"@loader_path/Frameworks",
				);
				PRODUCT_BUNDLE_IDENTIFIER = com.example.FastlaneAutoTests;
				PRODUCT_NAME = "$(TARGET_NAME)";
				SWIFT_VERSION = 5.0;
				TARGETED_DEVICE_FAMILY = "1,2";
				TEST_HOST = "$(BUILT_PRODUCTS_DIR)/FastlaneAuto.app/FastlaneAuto";
			};
			name = Release;
		};
		60F2403E261D7433004F5796 /* Debug */ = {
			isa = XCBuildConfiguration;
			buildSettings = {
				ALWAYS_EMBED_SWIFT_STANDARD_LIBRARIES = YES;
				CODE_SIGN_STYLE = Automatic;
				DEVELOPMENT_TEAM = 2C86JD592M;
				INFOPLIST_FILE = FastlaneAutoUITests/Info.plist;
				LD_RUNPATH_SEARCH_PATHS = (
					"$(inherited)",
					"@executable_path/Frameworks",
					"@loader_path/Frameworks",
				);
				PRODUCT_BUNDLE_IDENTIFIER = com.example.FastlaneAutoUITests;
				PRODUCT_NAME = "$(TARGET_NAME)";
				SWIFT_VERSION = 5.0;
				TARGETED_DEVICE_FAMILY = "1,2";
				TEST_TARGET_NAME = FastlaneAuto;
			};
			name = Debug;
		};
		60F2403F261D7433004F5796 /* Release */ = {
			isa = XCBuildConfiguration;
			buildSettings = {
				ALWAYS_EMBED_SWIFT_STANDARD_LIBRARIES = YES;
				CODE_SIGN_STYLE = Automatic;
				DEVELOPMENT_TEAM = 2C86JD592M;
				INFOPLIST_FILE = FastlaneAutoUITests/Info.plist;
				LD_RUNPATH_SEARCH_PATHS = (
					"$(inherited)",
					"@executable_path/Frameworks",
					"@loader_path/Frameworks",
				);
				PRODUCT_BUNDLE_IDENTIFIER = com.example.FastlaneAutoUITests;
				PRODUCT_NAME = "$(TARGET_NAME)";
				SWIFT_VERSION = 5.0;
				TARGETED_DEVICE_FAMILY = "1,2";
				TEST_TARGET_NAME = FastlaneAuto;
			};
			name = Release;
		};
/* End XCBuildConfiguration section */

/* Begin XCConfigurationList section */
		60F24008261D7430004F5796 /* Build configuration list for PBXProject "FastlaneAuto" */ = {
			isa = XCConfigurationList;
			buildConfigurations = (
				60F24035261D7433004F5796 /* Debug */,
				60F24036261D7433004F5796 /* Release */,
			);
			defaultConfigurationIsVisible = 0;
			defaultConfigurationName = Release;
		};
		60F24037261D7433004F5796 /* Build configuration list for PBXNativeTarget "FastlaneAuto" */ = {
			isa = XCConfigurationList;
			buildConfigurations = (
				60F24038261D7433004F5796 /* Debug */,
				60F24039261D7433004F5796 /* Release */,
			);
			defaultConfigurationIsVisible = 0;
			defaultConfigurationName = Release;
		};
		60F2403A261D7433004F5796 /* Build configuration list for PBXNativeTarget "FastlaneAutoTests" */ = {
			isa = XCConfigurationList;
			buildConfigurations = (
				60F2403B261D7433004F5796 /* Debug */,
				60F2403C261D7433004F5796 /* Release */,
			);
			defaultConfigurationIsVisible = 0;
			defaultConfigurationName = Release;
		};
		60F2403D261D7433004F5796 /* Build configuration list for PBXNativeTarget "FastlaneAutoUITests" */ = {
			isa = XCConfigurationList;
			buildConfigurations = (
				60F2403E261D7433004F5796 /* Debug */,
				60F2403F261D7433004F5796 /* Release */,
			);
			defaultConfigurationIsVisible = 0;
			defaultConfigurationName = Release;
		};
/* End XCConfigurationList section */
	};
	rootObject = 60F24005261D742F004F5796 /* Project object */;
}
